
Microsoft Visual Studio Solution File, Format Version 12.00
# Visual Studio 15
VisualStudioVersion = 15.0.28307.705
MinimumVisualStudioVersion = 10.0.40219.1
Project("{2150E333-8FDC-42A3-9474-1A3956D46DE8}") = "4 - Domain", "4 - Domain", "{2E66916D-9256-4A48-9B50-8C85F4F42592}"
EndProject
Project("{FAE04EC0-301F-11D3-BF4B-00C04F79EFBC}") = "ListWishes.Domain", "src\ListWishes.Domain\ListWishes.Domain.csproj", "{4BF9ED33-1063-46D0-A2D5-C92582D44E14}"
EndProject
Project("{FAE04EC0-301F-11D3-BF4B-00C04F79EFBC}") = "ListWishes.Domain.Core", "src\ListWishes.Domain.Core\ListWishes.Domain.Core.csproj", "{19092599-0039-4238-96A4-AD8C067316D8}"
EndProject
Global
	GlobalSection(SolutionConfigurationPlatforms) = preSolution
		Debug|Any CPU = Debug|Any CPU
		Release|Any CPU = Release|Any CPU
	EndGlobalSection
	GlobalSection(ProjectConfigurationPlatforms) = postSolution
		{4BF9ED33-1063-46D0-A2D5-C92582D44E14}.Debug|Any CPU.ActiveCfg = Debug|Any CPU
		{4BF9ED33-1063-46D0-A2D5-C92582D44E14}.Debug|Any CPU.Build.0 = Debug|Any CPU
		{4BF9ED33-1063-46D0-A2D5-C92582D44E14}.Release|Any CPU.ActiveCfg = Release|Any CPU
		{4BF9ED33-1063-46D0-A2D5-C92582D44E14}.Release|Any CPU.Build.0 = Release|Any CPU
		{19092599-0039-4238-96A4-AD8C067316D8}.Debug|Any CPU.ActiveCfg = Debug|Any CPU
		{19092599-0039-4238-96A4-AD8C067316D8}.Debug|Any CPU.Build.0 = Debug|Any CPU
		{19092599-0039-4238-96A4-AD8C067316D8}.Release|Any CPU.ActiveCfg = Release|Any CPU
		{19092599-0039-4238-96A4-AD8C067316D8}.Release|Any CPU.Build.0 = Release|Any CPU
	EndGlobalSection
	GlobalSection(SolutionProperties) = preSolution
		HideSolutionNode = FALSE
	EndGlobalSection
	GlobalSection(NestedProjects) = preSolution
		{4BF9ED33-1063-46D0-A2D5-C92582D44E14} = {2E66916D-9256-4A48-9B50-8C85F4F42592}
		{19092599-0039-4238-96A4-AD8C067316D8} = {2E66916D-9256-4A48-9B50-8C85F4F42592}
	EndGlobalSection
	GlobalSection(ExtensibilityGlobals) = postSolution
		SolutionGuid = {919E604A-88BC-41EB-86EE-FDB4868D7654}
	EndGlobalSection
EndGlobal
